
Microsoft Visual Studio Solution File, Format Version 12.00
# Visual Studio Version 17
VisualStudioVersion = 17.13.35931.197 d17.13
MinimumVisualStudioVersion = 10.0.40219.1
Project("{FAE04EC0-301F-11D3-BF4B-00C04F79EFBC}") = "SharpCache", "SharpCache.csproj", "{8CFD78A4-A458-4107-9DC7-A2E31B96804D}"
EndProject
Global
	GlobalSection(SolutionConfigurationPlatforms) = preSolution
		Debug|Any CPU = Debug|Any CPU
		Release|Any CPU = Release|Any CPU
	EndGlobalSection
	GlobalSection(ProjectConfigurationPlatforms) = postSolution
		{8CFD78A4-A458-4107-9DC7-A2E31B96804D}.Debug|Any CPU.ActiveCfg = Debug|Any CPU
		{8CFD78A4-A458-4107-9DC7-A2E31B96804D}.Debug|Any CPU.Build.0 = Debug|Any CPU
		{8CFD78A4-A458-4107-9DC7-A2E31B96804D}.Release|Any CPU.ActiveCfg = Release|Any CPU
		{8CFD78A4-A458-4107-9DC7-A2E31B96804D}.Release|Any CPU.Build.0 = Release|Any CPU
	EndGlobalSection
	GlobalSection(SolutionProperties) = preSolution
		HideSolutionNode = FALSE
	EndGlobalSection
	GlobalSection(ExtensibilityGlobals) = postSolution
		SolutionGuid = {9C7597E1-4D96-4F0E-AFE2-16746D1A9B00}
	EndGlobalSection
EndGlobal
